
Microsoft Visual Studio Solution File, Format Version 12.00
# Visual Studio Version 16
VisualStudioVersion = 16.0.30503.244
MinimumVisualStudioVersion = 10.0.40219.1
Project("{FAE04EC0-301F-11D3-BF4B-00C04F79EFBC}") = "Lab1OOPpart4", "Lab1OOPpart4\Lab1OOPpart4.csproj", "{D685973F-BCFC-4E62-9B6C-31E43041FD90}"
EndProject
Global
	GlobalSection(SolutionConfigurationPlatforms) = preSolution
		Debug|Any CPU = Debug|Any CPU
		Release|Any CPU = Release|Any CPU
	EndGlobalSection
	GlobalSection(ProjectConfigurationPlatforms) = postSolution
		{D685973F-BCFC-4E62-9B6C-31E43041FD90}.Debug|Any CPU.ActiveCfg = Debug|Any CPU
		{D685973F-BCFC-4E62-9B6C-31E43041FD90}.Debug|Any CPU.Build.0 = Debug|Any CPU
		{D685973F-BCFC-4E62-9B6C-31E43041FD90}.Release|Any CPU.ActiveCfg = Release|Any CPU
		{D685973F-BCFC-4E62-9B6C-31E43041FD90}.Release|Any CPU.Build.0 = Release|Any CPU
	EndGlobalSection
	GlobalSection(SolutionProperties) = preSolution
		HideSolutionNode = FALSE
	EndGlobalSection
	GlobalSection(ExtensibilityGlobals) = postSolution
		SolutionGuid = {4BDD79F4-D524-471F-842F-33E13F885ED1}
	EndGlobalSection
EndGlobal
